// !$*UTF8*$!
{
	archiveVersion = 1;
	classes = {
	};
	objectVersion = 46;
	objects = {

/* Begin PBXBuildFile section */
		DE0139841941C5A60081B26E /* digipost-black.png in Resources */ = {isa = PBXBuildFile; fileRef = DE0139811941C5A60081B26E /* digipost-black.png */; };
		DE0139851941C5A60081B26E /* digipost-red.png in Resources */ = {isa = PBXBuildFile; fileRef = DE0139821941C5A60081B26E /* digipost-red.png */; };
		DE0139861941C5A60081B26E /* digipost-white.png in Resources */ = {isa = PBXBuildFile; fileRef = DE0139831941C5A60081B26E /* digipost-white.png */; };
		DE0986FB1A82685C0073C85E /* Extensions.swift in Sources */ = {isa = PBXBuildFile; fileRef = DE0986FA1A82685C0073C85E /* Extensions.swift */; };
		DE4BC4321A7FD13800FD0185 /* DigipostarkivAppDelegate.swift in Sources */ = {isa = PBXBuildFile; fileRef = DE4BC4311A7FD13800FD0185 /* DigipostarkivAppDelegate.swift */; };
		DE7667DE1A6CD7F100F67D9A /* MenuController.swift in Sources */ = {isa = PBXBuildFile; fileRef = DE7667DD1A6CD7F100F67D9A /* MenuController.swift */; };
		DE7667E41A6D9A4400F67D9A /* LoginWindowController.swift in Sources */ = {isa = PBXBuildFile; fileRef = DE7667E31A6D9A4400F67D9A /* LoginWindowController.swift */; };
		DE76683A1A6E525000F67D9A /* Sync.m in Sources */ = {isa = PBXBuildFile; fileRef = DE7668391A6E525000F67D9A /* Sync.m */; };
		DE852DC9192CAA9F00CCAFC3 /* WebKit.framework in Frameworks */ = {isa = PBXBuildFile; fileRef = DE852DC8192CAA9F00CCAFC3 /* WebKit.framework */; };
		DEB1EF5B1906F23A008C83D2 /* Cocoa.framework in Frameworks */ = {isa = PBXBuildFile; fileRef = DEB1EF5A1906F23A008C83D2 /* Cocoa.framework */; };
		DEB1EF651906F23A008C83D2 /* InfoPlist.strings in Resources */ = {isa = PBXBuildFile; fileRef = DEB1EF631906F23A008C83D2 /* InfoPlist.strings */; };
		DEB1EF671906F23A008C83D2 /* main.m in Sources */ = {isa = PBXBuildFile; fileRef = DEB1EF661906F23A008C83D2 /* main.m */; };
		DEB1EF6B1906F23A008C83D2 /* Credits.rtf in Resources */ = {isa = PBXBuildFile; fileRef = DEB1EF691906F23A008C83D2 /* Credits.rtf */; };
		DEB1EF711906F23A008C83D2 /* MainMenu.xib in Resources */ = {isa = PBXBuildFile; fileRef = DEB1EF6F1906F23A008C83D2 /* MainMenu.xib */; };
		DEB1EF731906F23A008C83D2 /* Images.xcassets in Resources */ = {isa = PBXBuildFile; fileRef = DEB1EF721906F23A008C83D2 /* Images.xcassets */; };
		DEE5DCD41909082700F7C9FD /* liba.a in Frameworks */ = {isa = PBXBuildFile; fileRef = DEE5DCD31909082700F7C9FD /* liba.a */; };
/* End PBXBuildFile section */

/* Begin PBXFileReference section */
		DE0139811941C5A60081B26E /* digipost-black.png */ = {isa = PBXFileReference; lastKnownFileType = image.png; path = "digipost-black.png"; sourceTree = "<group>"; };
		DE0139821941C5A60081B26E /* digipost-red.png */ = {isa = PBXFileReference; lastKnownFileType = image.png; path = "digipost-red.png"; sourceTree = "<group>"; };
		DE0139831941C5A60081B26E /* digipost-white.png */ = {isa = PBXFileReference; lastKnownFileType = image.png; path = "digipost-white.png"; sourceTree = "<group>"; };
		DE0986FA1A82685C0073C85E /* Extensions.swift */ = {isa = PBXFileReference; fileEncoding = 4; lastKnownFileType = sourcecode.swift; path = Extensions.swift; sourceTree = "<group>"; };
		DE4BC4311A7FD13800FD0185 /* DigipostarkivAppDelegate.swift */ = {isa = PBXFileReference; fileEncoding = 4; lastKnownFileType = sourcecode.swift; path = DigipostarkivAppDelegate.swift; sourceTree = "<group>"; };
		DE7667DC1A6CD7F000F67D9A /* Digipostarkiv-Bridging-Header.h */ = {isa = PBXFileReference; lastKnownFileType = sourcecode.c.h; path = "Digipostarkiv-Bridging-Header.h"; sourceTree = "<group>"; };
		DE7667DD1A6CD7F100F67D9A /* MenuController.swift */ = {isa = PBXFileReference; fileEncoding = 4; lastKnownFileType = sourcecode.swift; path = MenuController.swift; sourceTree = "<group>"; };
		DE7667E31A6D9A4400F67D9A /* LoginWindowController.swift */ = {isa = PBXFileReference; fileEncoding = 4; lastKnownFileType = sourcecode.swift; path = LoginWindowController.swift; sourceTree = "<group>"; };
		DE7668391A6E525000F67D9A /* Sync.m */ = {isa = PBXFileReference; fileEncoding = 4; lastKnownFileType = sourcecode.c.objc; path = Sync.m; sourceTree = "<group>"; };
		DE76683B1A6E529300F67D9A /* Sync.h */ = {isa = PBXFileReference; fileEncoding = 4; lastKnownFileType = sourcecode.c.h; path = Sync.h; sourceTree = "<group>"; };
		DE852DC8192CAA9F00CCAFC3 /* WebKit.framework */ = {isa = PBXFileReference; lastKnownFileType = wrapper.framework; name = WebKit.framework; path = System/Library/Frameworks/WebKit.framework; sourceTree = SDKROOT; };
		DEB1EF571906F23A008C83D2 /* Digipostarkiv.app */ = {isa = PBXFileReference; explicitFileType = wrapper.application; includeInIndex = 0; path = Digipostarkiv.app; sourceTree = BUILT_PRODUCTS_DIR; };
		DEB1EF5A1906F23A008C83D2 /* Cocoa.framework */ = {isa = PBXFileReference; lastKnownFileType = wrapper.framework; name = Cocoa.framework; path = System/Library/Frameworks/Cocoa.framework; sourceTree = SDKROOT; };
		DEB1EF5D1906F23A008C83D2 /* AppKit.framework */ = {isa = PBXFileReference; lastKnownFileType = wrapper.framework; name = AppKit.framework; path = System/Library/Frameworks/AppKit.framework; sourceTree = SDKROOT; };
		DEB1EF5E1906F23A008C83D2 /* CoreData.framework */ = {isa = PBXFileReference; lastKnownFileType = wrapper.framework; name = CoreData.framework; path = System/Library/Frameworks/CoreData.framework; sourceTree = SDKROOT; };
		DEB1EF5F1906F23A008C83D2 /* Foundation.framework */ = {isa = PBXFileReference; lastKnownFileType = wrapper.framework; name = Foundation.framework; path = System/Library/Frameworks/Foundation.framework; sourceTree = SDKROOT; };
		DEB1EF621906F23A008C83D2 /* Digipostarkiv-Info.plist */ = {isa = PBXFileReference; lastKnownFileType = text.plist.xml; path = "Digipostarkiv-Info.plist"; sourceTree = "<group>"; };
		DEB1EF641906F23A008C83D2 /* en */ = {isa = PBXFileReference; lastKnownFileType = text.plist.strings; name = en; path = en.lproj/InfoPlist.strings; sourceTree = "<group>"; };
		DEB1EF661906F23A008C83D2 /* main.m */ = {isa = PBXFileReference; lastKnownFileType = sourcecode.c.objc; path = main.m; sourceTree = "<group>"; };
		DEB1EF681906F23A008C83D2 /* Digipostarkiv-Prefix.pch */ = {isa = PBXFileReference; lastKnownFileType = sourcecode.c.h; path = "Digipostarkiv-Prefix.pch"; sourceTree = "<group>"; };
		DEB1EF6A1906F23A008C83D2 /* en */ = {isa = PBXFileReference; lastKnownFileType = text.rtf; name = en; path = en.lproj/Credits.rtf; sourceTree = "<group>"; };
		DEB1EF701906F23A008C83D2 /* Base */ = {isa = PBXFileReference; lastKnownFileType = file.xib; name = Base; path = Base.lproj/MainMenu.xib; sourceTree = "<group>"; };
		DEB1EF721906F23A008C83D2 /* Images.xcassets */ = {isa = PBXFileReference; lastKnownFileType = folder.assetcatalog; path = Images.xcassets; sourceTree = "<group>"; };
		DEB1EF791906F23A008C83D2 /* XCTest.framework */ = {isa = PBXFileReference; lastKnownFileType = wrapper.framework; name = XCTest.framework; path = Library/Frameworks/XCTest.framework; sourceTree = DEVELOPER_DIR; };
		DEB1EF801906F23A008C83D2 /* DigipostarkivTests-Info.plist */ = {isa = PBXFileReference; lastKnownFileType = text.plist.xml; path = "DigipostarkivTests-Info.plist"; sourceTree = "<group>"; };
		DEB1EF821906F23A008C83D2 /* en */ = {isa = PBXFileReference; lastKnownFileType = text.plist.strings; name = en; path = en.lproj/InfoPlist.strings; sourceTree = "<group>"; };
		DEB1EF841906F23A008C83D2 /* DigipostarkivTests.m */ = {isa = PBXFileReference; lastKnownFileType = sourcecode.c.objc; path = DigipostarkivTests.m; sourceTree = "<group>"; };
		DEE5DCD31909082700F7C9FD /* liba.a */ = {isa = PBXFileReference; lastKnownFileType = archive.ar; path = liba.a; sourceTree = "<group>"; };
/* End PBXFileReference section */

/* Begin PBXFrameworksBuildPhase section */
		DEB1EF541906F23A008C83D2 /* Frameworks */ = {
			isa = PBXFrameworksBuildPhase;
			buildActionMask = 2147483647;
			files = (
				DEB1EF5B1906F23A008C83D2 /* Cocoa.framework in Frameworks */,
				DE852DC9192CAA9F00CCAFC3 /* WebKit.framework in Frameworks */,
				DEE5DCD41909082700F7C9FD /* liba.a in Frameworks */,
			);
			runOnlyForDeploymentPostprocessing = 0;
		};
/* End PBXFrameworksBuildPhase section */

/* Begin PBXGroup section */
		DEB1EF4E1906F23A008C83D2 = {
			isa = PBXGroup;
			children = (
				DEB1EF601906F23A008C83D2 /* Digipostarkiv */,
				DEB1EF7E1906F23A008C83D2 /* DigipostarkivTest */,
				DEB1EF591906F23A008C83D2 /* Frameworks */,
				DEB1EF581906F23A008C83D2 /* Products */,
			);
			sourceTree = "<group>";
		};
		DEB1EF581906F23A008C83D2 /* Products */ = {
			isa = PBXGroup;
			children = (
				DEB1EF571906F23A008C83D2 /* Digipostarkiv.app */,
			);
			name = Products;
			sourceTree = "<group>";
		};
		DEB1EF591906F23A008C83D2 /* Frameworks */ = {
			isa = PBXGroup;
			children = (
				DE852DC8192CAA9F00CCAFC3 /* WebKit.framework */,
				DEB1EF5A1906F23A008C83D2 /* Cocoa.framework */,
				DEB1EF791906F23A008C83D2 /* XCTest.framework */,
				DEB1EF5C1906F23A008C83D2 /* Other Frameworks */,
			);
			name = Frameworks;
			sourceTree = "<group>";
		};
		DEB1EF5C1906F23A008C83D2 /* Other Frameworks */ = {
			isa = PBXGroup;
			children = (
				DEE5DCD31909082700F7C9FD /* liba.a */,
				DEB1EF5D1906F23A008C83D2 /* AppKit.framework */,
				DEB1EF5E1906F23A008C83D2 /* CoreData.framework */,
				DEB1EF5F1906F23A008C83D2 /* Foundation.framework */,
			);
			name = "Other Frameworks";
			sourceTree = "<group>";
		};
		DEB1EF601906F23A008C83D2 /* Digipostarkiv */ = {
			isa = PBXGroup;
			children = (
				DE4BC4311A7FD13800FD0185 /* DigipostarkivAppDelegate.swift */,
				DE7667E31A6D9A4400F67D9A /* LoginWindowController.swift */,
				DE7667DD1A6CD7F100F67D9A /* MenuController.swift */,
				DE0139811941C5A60081B26E /* digipost-black.png */,
				DE0139821941C5A60081B26E /* digipost-red.png */,
				DE0139831941C5A60081B26E /* digipost-white.png */,
				DEB1EF6F1906F23A008C83D2 /* MainMenu.xib */,
				DEB1EF721906F23A008C83D2 /* Images.xcassets */,
				DEB1EF611906F23A008C83D2 /* Supporting Files */,
				DE7667DC1A6CD7F000F67D9A /* Digipostarkiv-Bridging-Header.h */,
				DE7668391A6E525000F67D9A /* Sync.m */,
				DE76683B1A6E529300F67D9A /* Sync.h */,
				DE0986FA1A82685C0073C85E /* Extensions.swift */,
			);
			path = Digipostarkiv;
			sourceTree = "<group>";
		};
		DEB1EF611906F23A008C83D2 /* Supporting Files */ = {
			isa = PBXGroup;
			children = (
				DEB1EF621906F23A008C83D2 /* Digipostarkiv-Info.plist */,
				DEB1EF631906F23A008C83D2 /* InfoPlist.strings */,
				DEB1EF661906F23A008C83D2 /* main.m */,
				DEB1EF681906F23A008C83D2 /* Digipostarkiv-Prefix.pch */,
				DEB1EF691906F23A008C83D2 /* Credits.rtf */,
			);
			name = "Supporting Files";
			sourceTree = "<group>";
		};
		DEB1EF7E1906F23A008C83D2 /* DigipostarkivTest */ = {
			isa = PBXGroup;
			children = (
				DEB1EF841906F23A008C83D2 /* DigipostarkivTests.m */,
				DEB1EF7F1906F23A008C83D2 /* Supporting Files */,
			);
			name = DigipostarkivTest;
			path = DigipostarkivTests;
			sourceTree = "<group>";
		};
		DEB1EF7F1906F23A008C83D2 /* Supporting Files */ = {
			isa = PBXGroup;
			children = (
				DEB1EF801906F23A008C83D2 /* DigipostarkivTests-Info.plist */,
				DEB1EF811906F23A008C83D2 /* InfoPlist.strings */,
			);
			name = "Supporting Files";
			sourceTree = "<group>";
		};
/* End PBXGroup section */

/* Begin PBXNativeTarget section */
		DEB1EF561906F23A008C83D2 /* Digipostarkiv */ = {
			isa = PBXNativeTarget;
			buildConfigurationList = DEB1EF881906F23A008C83D2 /* Build configuration list for PBXNativeTarget "Digipostarkiv" */;
			buildPhases = (
				DEB1EF531906F23A008C83D2 /* Sources */,
				DEB1EF541906F23A008C83D2 /* Frameworks */,
				DEB1EF551906F23A008C83D2 /* Resources */,
			);
			buildRules = (
			);
			dependencies = (
			);
			name = Digipostarkiv;
			productName = DPSync;
			productReference = DEB1EF571906F23A008C83D2 /* Digipostarkiv.app */;
			productType = "com.apple.product-type.application";
		};
/* End PBXNativeTarget section */

/* Begin PBXProject section */
		DEB1EF4F1906F23A008C83D2 /* Project object */ = {
			isa = PBXProject;
			attributes = {
				LastSwiftMigration = 0730;
				LastSwiftUpdateCheck = 0730;
				LastUpgradeCheck = 0730;
				ORGANIZATIONNAME = Nerbraten;
			};
			buildConfigurationList = DEB1EF521906F23A008C83D2 /* Build configuration list for PBXProject "Digipostarkiv" */;
			compatibilityVersion = "Xcode 3.2";
			developmentRegion = English;
			hasScannedForEncodings = 0;
			knownRegions = (
				en,
				Base,
			);
			mainGroup = DEB1EF4E1906F23A008C83D2;
			productRefGroup = DEB1EF581906F23A008C83D2 /* Products */;
			projectDirPath = "";
			projectRoot = "";
			targets = (
				DEB1EF561906F23A008C83D2 /* Digipostarkiv */,
			);
		};
/* End PBXProject section */

/* Begin PBXResourcesBuildPhase section */
		DEB1EF551906F23A008C83D2 /* Resources */ = {
			isa = PBXResourcesBuildPhase;
			buildActionMask = 2147483647;
			files = (
				DE0139861941C5A60081B26E /* digipost-white.png in Resources */,
				DEB1EF651906F23A008C83D2 /* InfoPlist.strings in Resources */,
				DE0139841941C5A60081B26E /* digipost-black.png in Resources */,
				DE0139851941C5A60081B26E /* digipost-red.png in Resources */,
				DEB1EF731906F23A008C83D2 /* Images.xcassets in Resources */,
				DEB1EF6B1906F23A008C83D2 /* Credits.rtf in Resources */,
				DEB1EF711906F23A008C83D2 /* MainMenu.xib in Resources */,
			);
			runOnlyForDeploymentPostprocessing = 0;
		};
/* End PBXResourcesBuildPhase section */

/* Begin PBXSourcesBuildPhase section */
		DEB1EF531906F23A008C83D2 /* Sources */ = {
			isa = PBXSourcesBuildPhase;
			buildActionMask = 2147483647;
			files = (
				DE76683A1A6E525000F67D9A /* Sync.m in Sources */,
				DE4BC4321A7FD13800FD0185 /* DigipostarkivAppDelegate.swift in Sources */,
				DE0986FB1A82685C0073C85E /* Extensions.swift in Sources */,
				DEB1EF671906F23A008C83D2 /* main.m in Sources */,
				DE7667DE1A6CD7F100F67D9A /* MenuController.swift in Sources */,
				DE7667E41A6D9A4400F67D9A /* LoginWindowController.swift in Sources */,
			);
			runOnlyForDeploymentPostprocessing = 0;
		};
/* End PBXSourcesBuildPhase section */

/* Begin PBXVariantGroup section */
		DEB1EF631906F23A008C83D2 /* InfoPlist.strings */ = {
			isa = PBXVariantGroup;
			children = (
				DEB1EF641906F23A008C83D2 /* en */,
			);
			name = InfoPlist.strings;
			sourceTree = "<group>";
		};
		DEB1EF691906F23A008C83D2 /* Credits.rtf */ = {
			isa = PBXVariantGroup;
			children = (
				DEB1EF6A1906F23A008C83D2 /* en */,
			);
			name = Credits.rtf;
			sourceTree = "<group>";
		};
		DEB1EF6F1906F23A008C83D2 /* MainMenu.xib */ = {
			isa = PBXVariantGroup;
			children = (
				DEB1EF701906F23A008C83D2 /* Base */,
			);
			name = MainMenu.xib;
			sourceTree = "<group>";
		};
		DEB1EF811906F23A008C83D2 /* InfoPlist.strings */ = {
			isa = PBXVariantGroup;
			children = (
				DEB1EF821906F23A008C83D2 /* en */,
			);
			name = InfoPlist.strings;
			sourceTree = "<group>";
		};
/* End PBXVariantGroup section */

/* Begin XCBuildConfiguration section */
		DEB1EF861906F23A008C83D2 /* Debug */ = {
			isa = XCBuildConfiguration;
			buildSettings = {
				ALWAYS_SEARCH_USER_PATHS = NO;
				CLANG_CXX_LANGUAGE_STANDARD = "gnu++0x";
				CLANG_CXX_LIBRARY = "libc++";
				CLANG_ENABLE_MODULES = YES;
				CLANG_ENABLE_OBJC_ARC = YES;
				CLANG_WARN_BOOL_CONVERSION = YES;
				CLANG_WARN_CONSTANT_CONVERSION = YES;
				CLANG_WARN_DIRECT_OBJC_ISA_USAGE = YES_ERROR;
				CLANG_WARN_EMPTY_BODY = YES;
				CLANG_WARN_ENUM_CONVERSION = YES;
				CLANG_WARN_INT_CONVERSION = YES;
				CLANG_WARN_OBJC_ROOT_CLASS = YES_ERROR;
				CLANG_WARN__DUPLICATE_METHOD_MATCH = YES;
				COPY_PHASE_STRIP = NO;
				ENABLE_TESTABILITY = YES;
				GCC_C_LANGUAGE_STANDARD = gnu99;
				GCC_DYNAMIC_NO_PIC = NO;
				GCC_ENABLE_OBJC_EXCEPTIONS = YES;
				GCC_OPTIMIZATION_LEVEL = 0;
				GCC_PREPROCESSOR_DEFINITIONS = (
					"DEBUG=1",
					"$(inherited)",
				);
				GCC_SYMBOLS_PRIVATE_EXTERN = NO;
				GCC_WARN_64_TO_32_BIT_CONVERSION = YES;
				GCC_WARN_ABOUT_RETURN_TYPE = YES_ERROR;
				GCC_WARN_UNDECLARED_SELECTOR = YES;
				GCC_WARN_UNINITIALIZED_AUTOS = YES_AGGRESSIVE;
				GCC_WARN_UNUSED_FUNCTION = YES;
				GCC_WARN_UNUSED_VARIABLE = YES;
				MACOSX_DEPLOYMENT_TARGET = 10.10;
				ONLY_ACTIVE_ARCH = YES;
				SDKROOT = macosx;
			};
			name = Debug;
		};
		DEB1EF871906F23A008C83D2 /* Release */ = {
			isa = XCBuildConfiguration;
			buildSettings = {
				ALWAYS_SEARCH_USER_PATHS = NO;
				CLANG_CXX_LANGUAGE_STANDARD = "gnu++0x";
				CLANG_CXX_LIBRARY = "libc++";
				CLANG_ENABLE_MODULES = YES;
				CLANG_ENABLE_OBJC_ARC = YES;
				CLANG_WARN_BOOL_CONVERSION = YES;
				CLANG_WARN_CONSTANT_CONVERSION = YES;
				CLANG_WARN_DIRECT_OBJC_ISA_USAGE = YES_ERROR;
				CLANG_WARN_EMPTY_BODY = YES;
				CLANG_WARN_ENUM_CONVERSION = YES;
				CLANG_WARN_INT_CONVERSION = YES;
				CLANG_WARN_OBJC_ROOT_CLASS = YES_ERROR;
				CLANG_WARN__DUPLICATE_METHOD_MATCH = YES;
				COPY_PHASE_STRIP = YES;
				DEBUG_INFORMATION_FORMAT = "dwarf-with-dsym";
				ENABLE_NS_ASSERTIONS = NO;
				GCC_C_LANGUAGE_STANDARD = gnu99;
				GCC_ENABLE_OBJC_EXCEPTIONS = YES;
				GCC_WARN_64_TO_32_BIT_CONVERSION = YES;
				GCC_WARN_ABOUT_RETURN_TYPE = YES_ERROR;
				GCC_WARN_UNDECLARED_SELECTOR = YES;
				GCC_WARN_UNINITIALIZED_AUTOS = YES_AGGRESSIVE;
				GCC_WARN_UNUSED_FUNCTION = YES;
				GCC_WARN_UNUSED_VARIABLE = YES;
				MACOSX_DEPLOYMENT_TARGET = 10.10;
				SDKROOT = macosx;
			};
			name = Release;
		};
		DEB1EF891906F23A008C83D2 /* Debug */ = {
			isa = XCBuildConfiguration;
			buildSettings = {
				ALWAYS_SEARCH_USER_PATHS = YES;
				ASSETCATALOG_COMPILER_APPICON_NAME = AppIcon;
				CLANG_ENABLE_MODULES = YES;
				COMBINE_HIDPI_IMAGES = YES;
				GCC_PRECOMPILE_PREFIX_HEADER = YES;
				GCC_PREFIX_HEADER = "Digipostarkiv/Digipostarkiv-Prefix.pch";
				GHC_VERSION = 7.10.3;
				INFOPLIST_FILE = "Digipostarkiv/Digipostarkiv-Info.plist";
				LD_RUNPATH_SEARCH_PATHS = "$(inherited) @executable_path/../Frameworks";
				LIBRARY_SEARCH_PATHS = (
					"$(inherited)",
					"$(PROJECT_DIR)/Digipostarkiv",
					"$(PROJECT_DIR)/**",
					/usr/local/lib,
				);
				MACOSX_DEPLOYMENT_TARGET = 10.11;
				OTHER_LDFLAGS = (
					"-lz",
					"-liconv",
					"-lgmp",
				);
				PRODUCT_NAME = Digipostarkiv;
				STRIP_INSTALLED_PRODUCT = YES;
				SWIFT_OBJC_BRIDGING_HEADER = "Digipostarkiv/Digipostarkiv-Bridging-Header.h";
				SWIFT_OPTIMIZATION_LEVEL = "-Onone";
				USER_HEADER_SEARCH_PATHS = "/usr/local/lib/ghc-$(GHC_VERSION)/include $(PROJECT_DIR)/dist/build /usr/local/include";
				VALID_ARCHS = "i386 x86_64";
				WRAPPER_EXTENSION = app;
			};
			name = Debug;
		};
		DEB1EF8A1906F23A008C83D2 /* Release */ = {
			isa = XCBuildConfiguration;
			buildSettings = {
				ALWAYS_SEARCH_USER_PATHS = YES;
				ASSETCATALOG_COMPILER_APPICON_NAME = AppIcon;
				CLANG_ENABLE_MODULES = YES;
				COMBINE_HIDPI_IMAGES = YES;
				GCC_PRECOMPILE_PREFIX_HEADER = YES;
				GCC_PREFIX_HEADER = "Digipostarkiv/Digipostarkiv-Prefix.pch";
				GHC_VERSION = 7.10.3;
				INFOPLIST_FILE = "Digipostarkiv/Digipostarkiv-Info.plist";
				LD_RUNPATH_SEARCH_PATHS = "$(inherited) @executable_path/../Frameworks";
				LIBRARY_SEARCH_PATHS = (
					"$(inherited)",
					"$(PROJECT_DIR)/Digipostarkiv",
					"$(PROJECT_DIR)/**",
					/usr/local/lib,
				);
				MACOSX_DEPLOYMENT_TARGET = 10.11;
				OTHER_LDFLAGS = (
					"-lz",
					"-liconv",
					"-lgmp",
				);
				PRODUCT_NAME = Digipostarkiv;
				STRIP_INSTALLED_PRODUCT = YES;
				SWIFT_OBJC_BRIDGING_HEADER = "Digipostarkiv/Digipostarkiv-Bridging-Header.h";
				USER_HEADER_SEARCH_PATHS = "/usr/local/lib/ghc-$(GHC_VERSION)/include $(PROJECT_DIR)/dist/build /usr/local/include";
				VALID_ARCHS = "i386 x86_64";
				WRAPPER_EXTENSION = app;
			};
			name = Release;
		};
/* End XCBuildConfiguration section */

/* Begin XCConfigurationList section */
		DEB1EF521906F23A008C83D2 /* Build configuration list for PBXProject "Digipostarkiv" */ = {
			isa = XCConfigurationList;
			buildConfigurations = (
				DEB1EF861906F23A008C83D2 /* Debug */,
				DEB1EF871906F23A008C83D2 /* Release */,
			);
			defaultConfigurationIsVisible = 0;
			defaultConfigurationName = Release;
		};
		DEB1EF881906F23A008C83D2 /* Build configuration list for PBXNativeTarget "Digipostarkiv" */ = {
			isa = XCConfigurationList;
			buildConfigurations = (
				DEB1EF891906F23A008C83D2 /* Debug */,
				DEB1EF8A1906F23A008C83D2 /* Release */,
			);
			defaultConfigurationIsVisible = 0;
			defaultConfigurationName = Release;
		};
/* End XCConfigurationList section */
	};
	rootObject = DEB1EF4F1906F23A008C83D2 /* Project object */;
}
